<?xml version="1.0" encoding="utf-8"?>
<Project ToolsVersion="4.0" xmlns="http://schemas.microsoft.com/developer/msbuild/2003">
  <ItemGroup>
    <Filter Include="Source Files">
      <UniqueIdentifier>{26900286-1195-4c98-8a8e-ba11bdf0168c}</UniqueIdentifier>
      <Extensions>cpp;c;cxx;rc;def;r;odl;idl;hpj;bat</Extensions>
    </Filter>
    <Filter Include="Header Files">
      <UniqueIdentifier>{ac1d996d-6b5d-45de-a4ed-13d322b58b05}</UniqueIdentifier>
      <Extensions>h;hpp;hxx;hm;inl</Extensions>
    </Filter>
    <Filter Include="Resource Files">
      <UniqueIdentifier>{a9ce2caf-7a71-4514-873e-2caa08b6162a}</UniqueIdentifier>
      <Extensions>ico;cur;bmp;dlg;rc2;rct;bin;rgs;gif;jpg;jpeg;jpe</Extensions>
    </Filter>
  </ItemGroup>
  <ItemGroup>
    <ClCompile Include="Ccgen.cpp">
      <Filter>Source Files</Filter>
    </ClCompile>
    <ClCompile Include="CcgenDoc.cpp">
      <Filter>Source Files</Filter>
    </ClCompile>
    <ClCompile Include="CcgenView.cpp">
      <Filter>Source Files</Filter>
    </ClCompile>
    <ClCompile Include="CmdElem.cpp">
      <Filter>Source Files</Filter>
    </ClCompile>
    <ClCompile Include="CmdObj.cpp">
      <Filter>Source Files</Filter>
    </ClCompile>
    <ClCompile Include="CodeGenerator.cpp">
      <Filter>Source Files</Filter>
    </ClCompile>
    <ClCompile Include="CommandView.cpp">
      <Filter>Source Files</Filter>
    </ClCompile>
    <ClCompile Include="FieldObject.cpp">
      <Filter>Source Files</Filter>
    </ClCompile>
    <ClCompile Include="GenCodeView.cpp">
      <Filter>Source Files</Filter>
    </ClCompile>
    <ClCompile Include="GlobalPropsView.cpp">
      <Filter>Source Files</Filter>
    </ClCompile>
    <ClCompile Include="GroupObject.cpp">
      <Filter>Source Files</Filter>
    </ClCompile>
    <ClCompile Include="LeftView.cpp">
      <Filter>Source Files</Filter>
    </ClCompile>
    <ClCompile Include="MainFrm.cpp">
      <Filter>Source Files</Filter>
    </ClCompile>
    <ClCompile Include="NewCmdDlg.cpp">
      <Filter>Source Files</Filter>
    </ClCompile>
    <ClCompile Include="NewCmdElemDlg.cpp">
      <Filter>Source Files</Filter>
    </ClCompile>
    <ClCompile Include="StdAfx.cpp">
      <Filter>Source Files</Filter>
    </ClCompile>
  </ItemGroup>
  <ItemGroup>
    <ResourceCompile Include="Ccgen.rc">
      <Filter>Source Files</Filter>
    </ResourceCompile>
  </ItemGroup>
  <ItemGroup>
    <ClInclude Include="Ccgen.h">
      <Filter>Header Files</Filter>
    </ClInclude>
    <ClInclude Include="CcgenDoc.h">
      <Filter>Header Files</Filter>
    </ClInclude>
    <ClInclude Include="CcgenView.h">
      <Filter>Header Files</Filter>
    </ClInclude>
    <ClInclude Include="CmdElem.h">
      <Filter>Header Files</Filter>
    </ClInclude>
    <ClInclude Include="CmdObj.h">
      <Filter>Header Files</Filter>
    </ClInclude>
    <ClInclude Include="CodeGenerator.h">
      <Filter>Header Files</Filter>
    </ClInclude>
    <ClInclude Include="CommandView.h">
      <Filter>Header Files</Filter>
    </ClInclude>
    <ClInclude Include="FieldObject.h">
      <Filter>Header Files</Filter>
    </ClInclude>
    <ClInclude Include="GenCodeView.h">
      <Filter>Header Files</Filter>
    </ClInclude>
    <ClInclude Include="GlobalPropsView.h">
      <Filter>Header Files</Filter>
    </ClInclude>
    <ClInclude Include="GroupObject.h">
      <Filter>Header Files</Filter>
    </ClInclude>
    <ClInclude Include="LeftView.h">
      <Filter>Header Files</Filter>
    </ClInclude>
    <ClInclude Include="MainFrm.h">
      <Filter>Header Files</Filter>
    </ClInclude>
    <ClInclude Include="NewCmdDlg.h">
      <Filter>Header Files</Filter>
    </ClInclude>
    <ClInclude Include="NewCmdElemDlg.h">
      <Filter>Header Files</Filter>
    </ClInclude>
    <ClInclude Include="Resource.h">
      <Filter>Header Files</Filter>
    </ClInclude>
    <ClInclude Include="StdAfx.h">
      <Filter>Header Files</Filter>
    </ClInclude>
  </ItemGroup>
  <ItemGroup>
    <Image Include="res\Ccgen.ico">
      <Filter>Resource Files</Filter>
    </Image>
    <Image Include="res\CcgenDoc.ico">
      <Filter>Resource Files</Filter>
    </Image>
    <Image Include="res\cmdtree.bmp">
      <Filter>Resource Files</Filter>
    </Image>
    <Image Include="sdi.ico">
      <Filter>Resource Files</Filter>
    </Image>
    <Image Include="res\Toolbar.bmp">
      <Filter>Resource Files</Filter>
    </Image>
    <Image Include="res\tree_img.bmp">
      <Filter>Resource Files</Filter>
    </Image>
  </ItemGroup>
  <ItemGroup>
    <Manifest Include="res\ccgen.manifest" />
  </ItemGroup>
  <ItemGroup>
    <Text Include="ReadMe.txt" />
  </ItemGroup>
  <ItemGroup>
    <CustomBuild Include="res\Ccgen.rc2">
      <Filter>Resource Files</Filter>
    </CustomBuild>
    <CustomBuild Include="Ccgen.reg" />
  </ItemGroup>
</Project>